
Microsoft Visual Studio Solution File, Format Version 12.00
# Visual Studio Version 17
VisualStudioVersion = 17.0.32112.339
MinimumVisualStudioVersion = 10.0.40219.1
Project("{FAE04EC0-301F-11D3-BF4B-00C04F79EFBC}") = "Week 2 Assignment", "Week 2 Assignment.csproj", "{9CBADFBC-02C9-41D7-8219-C55D1133681C}"
EndProject
Global
	GlobalSection(SolutionConfigurationPlatforms) = preSolution
		Debug|Any CPU = Debug|Any CPU
		Release|Any CPU = Release|Any CPU
	EndGlobalSection
	GlobalSection(ProjectConfigurationPlatforms) = postSolution
		{9CBADFBC-02C9-41D7-8219-C55D1133681C}.Debug|Any CPU.ActiveCfg = Debug|Any CPU
		{9CBADFBC-02C9-41D7-8219-C55D1133681C}.Debug|Any CPU.Build.0 = Debug|Any CPU
		{9CBADFBC-02C9-41D7-8219-C55D1133681C}.Release|Any CPU.ActiveCfg = Release|Any CPU
		{9CBADFBC-02C9-41D7-8219-C55D1133681C}.Release|Any CPU.Build.0 = Release|Any CPU
	EndGlobalSection
	GlobalSection(SolutionProperties) = preSolution
		HideSolutionNode = FALSE
	EndGlobalSection
	GlobalSection(ExtensibilityGlobals) = postSolution
		SolutionGuid = {79C948D8-D46D-45F8-8795-7EFF5207941A}
	EndGlobalSection
EndGlobal
